
Microsoft Visual Studio Solution File, Format Version 12.00
# Visual Studio Version 17
VisualStudioVersion = 17.4.33205.214
MinimumVisualStudioVersion = 10.0.40219.1
Project("{FAE04EC0-301F-11D3-BF4B-00C04F79EFBC}") = "to-do-app", "to-do-app\to-do-app.csproj", "{01CDC0A0-C895-4853-A309-16154DDA2938}"
EndProject
Global
	GlobalSection(SolutionConfigurationPlatforms) = preSolution
		Debug|Any CPU = Debug|Any CPU
		Release|Any CPU = Release|Any CPU
	EndGlobalSection
	GlobalSection(ProjectConfigurationPlatforms) = postSolution
		{01CDC0A0-C895-4853-A309-16154DDA2938}.Debug|Any CPU.ActiveCfg = Debug|Any CPU
		{01CDC0A0-C895-4853-A309-16154DDA2938}.Debug|Any CPU.Build.0 = Debug|Any CPU
		{01CDC0A0-C895-4853-A309-16154DDA2938}.Release|Any CPU.ActiveCfg = Release|Any CPU
		{01CDC0A0-C895-4853-A309-16154DDA2938}.Release|Any CPU.Build.0 = Release|Any CPU
	EndGlobalSection
	GlobalSection(SolutionProperties) = preSolution
		HideSolutionNode = FALSE
	EndGlobalSection
	GlobalSection(ExtensibilityGlobals) = postSolution
		SolutionGuid = {3D52DF58-8CD3-4DAA-AC40-D240DF29880B}
	EndGlobalSection
EndGlobal
